// !$*UTF8*$!
{
	archiveVersion = 1;
	classes = {
	};
	objectVersion = 46;
	objects = {

/* Begin PBXBuildFile section */
		3123AEF6C975931DC50A7C0A /* libPods-RottenTomatoesHW.a in Frameworks */ = {isa = PBXBuildFile; fileRef = 559B753A15057AB1327E65FB /* libPods-RottenTomatoesHW.a */; };
		543633231B2A9FFD0013AEB8 /* main.m in Sources */ = {isa = PBXBuildFile; fileRef = 543633221B2A9FFD0013AEB8 /* main.m */; };
		543633261B2A9FFD0013AEB8 /* AppDelegate.m in Sources */ = {isa = PBXBuildFile; fileRef = 543633251B2A9FFD0013AEB8 /* AppDelegate.m */; };
		543633291B2A9FFD0013AEB8 /* ViewController.m in Sources */ = {isa = PBXBuildFile; fileRef = 543633281B2A9FFD0013AEB8 /* ViewController.m */; };
		5436332C1B2A9FFD0013AEB8 /* Main.storyboard in Resources */ = {isa = PBXBuildFile; fileRef = 5436332A1B2A9FFD0013AEB8 /* Main.storyboard */; };
		5436332E1B2A9FFD0013AEB8 /* Images.xcassets in Resources */ = {isa = PBXBuildFile; fileRef = 5436332D1B2A9FFD0013AEB8 /* Images.xcassets */; };
		543633311B2A9FFD0013AEB8 /* LaunchScreen.xib in Resources */ = {isa = PBXBuildFile; fileRef = 5436332F1B2A9FFD0013AEB8 /* LaunchScreen.xib */; };
		5436333D1B2A9FFE0013AEB8 /* RottenTomatoesHWTests.m in Sources */ = {isa = PBXBuildFile; fileRef = 5436333C1B2A9FFE0013AEB8 /* RottenTomatoesHWTests.m */; };
		543633481B2AA4590013AEB8 /* MovieViewController.m in Sources */ = {isa = PBXBuildFile; fileRef = 543633471B2AA4590013AEB8 /* MovieViewController.m */; };
		5436334B1B2E9E8D0013AEB8 /* MovieCell.m in Sources */ = {isa = PBXBuildFile; fileRef = 5436334A1B2E9E8D0013AEB8 /* MovieCell.m */; };
		54D99AC31B2ED89B003DB939 /* icon-error-o2o@2.png in Resources */ = {isa = PBXBuildFile; fileRef = 54D99AC21B2ED89B003DB939 /* icon-error-o2o@2.png */; };
/* End PBXBuildFile section */

/* Begin PBXContainerItemProxy section */
		543633371B2A9FFE0013AEB8 /* PBXContainerItemProxy */ = {
			isa = PBXContainerItemProxy;
			containerPortal = 543633151B2A9FFD0013AEB8 /* Project object */;
			proxyType = 1;
			remoteGlobalIDString = 5436331C1B2A9FFD0013AEB8;
			remoteInfo = RottenTomatoesHW;
		};
/* End PBXContainerItemProxy section */

/* Begin PBXFileReference section */
		1C3E8208FD3CB18E3FFEDC24 /* Pods-RottenTomatoesHW.release.xcconfig */ = {isa = PBXFileReference; includeInIndex = 1; lastKnownFileType = text.xcconfig; name = "Pods-RottenTomatoesHW.release.xcconfig"; path = "Pods/Target Support Files/Pods-RottenTomatoesHW/Pods-RottenTomatoesHW.release.xcconfig"; sourceTree = "<group>"; };
		28C07879FD3A96F46A743B59 /* Pods-RottenTomatoesHW.debug.xcconfig */ = {isa = PBXFileReference; includeInIndex = 1; lastKnownFileType = text.xcconfig; name = "Pods-RottenTomatoesHW.debug.xcconfig"; path = "Pods/Target Support Files/Pods-RottenTomatoesHW/Pods-RottenTomatoesHW.debug.xcconfig"; sourceTree = "<group>"; };
		5436331D1B2A9FFD0013AEB8 /* RottenTomatoesHW.app */ = {isa = PBXFileReference; explicitFileType = wrapper.application; includeInIndex = 0; path = RottenTomatoesHW.app; sourceTree = BUILT_PRODUCTS_DIR; };
		543633211B2A9FFD0013AEB8 /* Info.plist */ = {isa = PBXFileReference; lastKnownFileType = text.plist.xml; path = Info.plist; sourceTree = "<group>"; };
		543633221B2A9FFD0013AEB8 /* main.m */ = {isa = PBXFileReference; lastKnownFileType = sourcecode.c.objc; path = main.m; sourceTree = "<group>"; };
		543633241B2A9FFD0013AEB8 /* AppDelegate.h */ = {isa = PBXFileReference; lastKnownFileType = sourcecode.c.h; path = AppDelegate.h; sourceTree = "<group>"; };
		543633251B2A9FFD0013AEB8 /* AppDelegate.m */ = {isa = PBXFileReference; lastKnownFileType = sourcecode.c.objc; path = AppDelegate.m; sourceTree = "<group>"; };
		543633271B2A9FFD0013AEB8 /* ViewController.h */ = {isa = PBXFileReference; lastKnownFileType = sourcecode.c.h; path = ViewController.h; sourceTree = "<group>"; };
		543633281B2A9FFD0013AEB8 /* ViewController.m */ = {isa = PBXFileReference; lastKnownFileType = sourcecode.c.objc; path = ViewController.m; sourceTree = "<group>"; };
		5436332B1B2A9FFD0013AEB8 /* Base */ = {isa = PBXFileReference; lastKnownFileType = file.storyboard; name = Base; path = Base.lproj/Main.storyboard; sourceTree = "<group>"; };
		5436332D1B2A9FFD0013AEB8 /* Images.xcassets */ = {isa = PBXFileReference; lastKnownFileType = folder.assetcatalog; path = Images.xcassets; sourceTree = "<group>"; };
		543633301B2A9FFD0013AEB8 /* Base */ = {isa = PBXFileReference; lastKnownFileType = file.xib; name = Base; path = Base.lproj/LaunchScreen.xib; sourceTree = "<group>"; };
		543633361B2A9FFE0013AEB8 /* RottenTomatoesHWTests.xctest */ = {isa = PBXFileReference; explicitFileType = wrapper.cfbundle; includeInIndex = 0; path = RottenTomatoesHWTests.xctest; sourceTree = BUILT_PRODUCTS_DIR; };
		5436333B1B2A9FFE0013AEB8 /* Info.plist */ = {isa = PBXFileReference; lastKnownFileType = text.plist.xml; path = Info.plist; sourceTree = "<group>"; };
		5436333C1B2A9FFE0013AEB8 /* RottenTomatoesHWTests.m */ = {isa = PBXFileReference; lastKnownFileType = sourcecode.c.objc; path = RottenTomatoesHWTests.m; sourceTree = "<group>"; };
		543633461B2AA4590013AEB8 /* MovieViewController.h */ = {isa = PBXFileReference; fileEncoding = 4; lastKnownFileType = sourcecode.c.h; path = MovieViewController.h; sourceTree = "<group>"; };
		543633471B2AA4590013AEB8 /* MovieViewController.m */ = {isa = PBXFileReference; fileEncoding = 4; lastKnownFileType = sourcecode.c.objc; path = MovieViewController.m; sourceTree = "<group>"; };
		543633491B2E9E8D0013AEB8 /* MovieCell.h */ = {isa = PBXFileReference; fileEncoding = 4; lastKnownFileType = sourcecode.c.h; path = MovieCell.h; sourceTree = "<group>"; };
		5436334A1B2E9E8D0013AEB8 /* MovieCell.m */ = {isa = PBXFileReference; fileEncoding = 4; lastKnownFileType = sourcecode.c.objc; path = MovieCell.m; sourceTree = "<group>"; };
		54D99AC21B2ED89B003DB939 /* icon-error-o2o@2.png */ = {isa = PBXFileReference; lastKnownFileType = image.png; path = "icon-error-o2o@2.png"; sourceTree = "<group>"; };
		559B753A15057AB1327E65FB /* libPods-RottenTomatoesHW.a */ = {isa = PBXFileReference; explicitFileType = archive.ar; includeInIndex = 0; path = "libPods-RottenTomatoesHW.a"; sourceTree = BUILT_PRODUCTS_DIR; };
/* End PBXFileReference section */

/* Begin PBXFrameworksBuildPhase section */
		5436331A1B2A9FFD0013AEB8 /* Frameworks */ = {
			isa = PBXFrameworksBuildPhase;
			buildActionMask = 2147483647;
			files = (
				3123AEF6C975931DC50A7C0A /* libPods-RottenTomatoesHW.a in Frameworks */,
			);
			runOnlyForDeploymentPostprocessing = 0;
		};
		543633331B2A9FFE0013AEB8 /* Frameworks */ = {
			isa = PBXFrameworksBuildPhase;
			buildActionMask = 2147483647;
			files = (
			);
			runOnlyForDeploymentPostprocessing = 0;
		};
/* End PBXFrameworksBuildPhase section */

/* Begin PBXGroup section */
		11E5D1FF045A9A3E06299C58 /* Frameworks */ = {
			isa = PBXGroup;
			children = (
				559B753A15057AB1327E65FB /* libPods-RottenTomatoesHW.a */,
			);
			name = Frameworks;
			sourceTree = "<group>";
		};
		543633141B2A9FFD0013AEB8 = {
			isa = PBXGroup;
			children = (
				5436331F1B2A9FFD0013AEB8 /* RottenTomatoesHW */,
				543633391B2A9FFE0013AEB8 /* RottenTomatoesHWTests */,
				5436331E1B2A9FFD0013AEB8 /* Products */,
				5661FC83B1C8C25E37B89BF5 /* Pods */,
				11E5D1FF045A9A3E06299C58 /* Frameworks */,
			);
			sourceTree = "<group>";
		};
		5436331E1B2A9FFD0013AEB8 /* Products */ = {
			isa = PBXGroup;
			children = (
				5436331D1B2A9FFD0013AEB8 /* RottenTomatoesHW.app */,
				543633361B2A9FFE0013AEB8 /* RottenTomatoesHWTests.xctest */,
			);
			name = Products;
			sourceTree = "<group>";
		};
		5436331F1B2A9FFD0013AEB8 /* RottenTomatoesHW */ = {
			isa = PBXGroup;
			children = (
				543633241B2A9FFD0013AEB8 /* AppDelegate.h */,
				543633251B2A9FFD0013AEB8 /* AppDelegate.m */,
				543633271B2A9FFD0013AEB8 /* ViewController.h */,
				543633281B2A9FFD0013AEB8 /* ViewController.m */,
				5436332A1B2A9FFD0013AEB8 /* Main.storyboard */,
				5436332D1B2A9FFD0013AEB8 /* Images.xcassets */,
				5436332F1B2A9FFD0013AEB8 /* LaunchScreen.xib */,
				543633201B2A9FFD0013AEB8 /* Supporting Files */,
				543633461B2AA4590013AEB8 /* MovieViewController.h */,
				543633471B2AA4590013AEB8 /* MovieViewController.m */,
				543633491B2E9E8D0013AEB8 /* MovieCell.h */,
				5436334A1B2E9E8D0013AEB8 /* MovieCell.m */,
				54D99AC21B2ED89B003DB939 /* icon-error-o2o@2.png */,
			);
			path = RottenTomatoesHW;
			sourceTree = "<group>";
		};
		543633201B2A9FFD0013AEB8 /* Supporting Files */ = {
			isa = PBXGroup;
			children = (
				543633211B2A9FFD0013AEB8 /* Info.plist */,
				543633221B2A9FFD0013AEB8 /* main.m */,
			);
			name = "Supporting Files";
			sourceTree = "<group>";
		};
		543633391B2A9FFE0013AEB8 /* RottenTomatoesHWTests */ = {
			isa = PBXGroup;
			children = (
				5436333C1B2A9FFE0013AEB8 /* RottenTomatoesHWTests.m */,
				5436333A1B2A9FFE0013AEB8 /* Supporting Files */,
			);
			path = RottenTomatoesHWTests;
			sourceTree = "<group>";
		};
		5436333A1B2A9FFE0013AEB8 /* Supporting Files */ = {
			isa = PBXGroup;
			children = (
				5436333B1B2A9FFE0013AEB8 /* Info.plist */,
			);
			name = "Supporting Files";
			sourceTree = "<group>";
		};
		5661FC83B1C8C25E37B89BF5 /* Pods */ = {
			isa = PBXGroup;
			children = (
				28C07879FD3A96F46A743B59 /* Pods-RottenTomatoesHW.debug.xcconfig */,
				1C3E8208FD3CB18E3FFEDC24 /* Pods-RottenTomatoesHW.release.xcconfig */,
			);
			name = Pods;
			sourceTree = "<group>";
		};
/* End PBXGroup section */

/* Begin PBXNativeTarget section */
		5436331C1B2A9FFD0013AEB8 /* RottenTomatoesHW */ = {
			isa = PBXNativeTarget;
			buildConfigurationList = 543633401B2A9FFE0013AEB8 /* Build configuration list for PBXNativeTarget "RottenTomatoesHW" */;
			buildPhases = (
				8E1157417CC768270CDF2A27 /* Check Pods Manifest.lock */,
				543633191B2A9FFD0013AEB8 /* Sources */,
				5436331A1B2A9FFD0013AEB8 /* Frameworks */,
				5436331B1B2A9FFD0013AEB8 /* Resources */,
				09500C725D92A91D40A9C2FB /* Copy Pods Resources */,
			);
			buildRules = (
			);
			dependencies = (
			);
			name = RottenTomatoesHW;
			productName = RottenTomatoesHW;
			productReference = 5436331D1B2A9FFD0013AEB8 /* RottenTomatoesHW.app */;
			productType = "com.apple.product-type.application";
		};
		543633351B2A9FFE0013AEB8 /* RottenTomatoesHWTests */ = {
			isa = PBXNativeTarget;
			buildConfigurationList = 543633431B2A9FFE0013AEB8 /* Build configuration list for PBXNativeTarget "RottenTomatoesHWTests" */;
			buildPhases = (
				543633321B2A9FFE0013AEB8 /* Sources */,
				543633331B2A9FFE0013AEB8 /* Frameworks */,
				543633341B2A9FFE0013AEB8 /* Resources */,
			);
			buildRules = (
			);
			dependencies = (
				543633381B2A9FFE0013AEB8 /* PBXTargetDependency */,
			);
			name = RottenTomatoesHWTests;
			productName = RottenTomatoesHWTests;
			productReference = 543633361B2A9FFE0013AEB8 /* RottenTomatoesHWTests.xctest */;
			productType = "com.apple.product-type.bundle.unit-test";
		};
/* End PBXNativeTarget section */

/* Begin PBXProject section */
		543633151B2A9FFD0013AEB8 /* Project object */ = {
			isa = PBXProject;
			attributes = {
				LastUpgradeCheck = 0630;
				ORGANIZATIONNAME = "Kenny Chu";
				TargetAttributes = {
					5436331C1B2A9FFD0013AEB8 = {
						CreatedOnToolsVersion = 6.3.2;
					};
					543633351B2A9FFE0013AEB8 = {
						CreatedOnToolsVersion = 6.3.2;
						TestTargetID = 5436331C1B2A9FFD0013AEB8;
					};
				};
			};
			buildConfigurationList = 543633181B2A9FFD0013AEB8 /* Build configuration list for PBXProject "RottenTomatoesHW" */;
			compatibilityVersion = "Xcode 3.2";
			developmentRegion = English;
			hasScannedForEncodings = 0;
			knownRegions = (
				en,
				Base,
			);
			mainGroup = 543633141B2A9FFD0013AEB8;
			productRefGroup = 5436331E1B2A9FFD0013AEB8 /* Products */;
			projectDirPath = "";
			projectRoot = "";
			targets = (
				5436331C1B2A9FFD0013AEB8 /* RottenTomatoesHW */,
				543633351B2A9FFE0013AEB8 /* RottenTomatoesHWTests */,
			);
		};
/* End PBXProject section */

/* Begin PBXResourcesBuildPhase section */
		5436331B1B2A9FFD0013AEB8 /* Resources */ = {
			isa = PBXResourcesBuildPhase;
			buildActionMask = 2147483647;
			files = (
				5436332C1B2A9FFD0013AEB8 /* Main.storyboard in Resources */,
				543633311B2A9FFD0013AEB8 /* LaunchScreen.xib in Resources */,
				54D99AC31B2ED89B003DB939 /* icon-error-o2o@2.png in Resources */,
				5436332E1B2A9FFD0013AEB8 /* Images.xcassets in Resources */,
			);
			runOnlyForDeploymentPostprocessing = 0;
		};
		543633341B2A9FFE0013AEB8 /* Resources */ = {
			isa = PBXResourcesBuildPhase;
			buildActionMask = 2147483647;
			files = (
			);
			runOnlyForDeploymentPostprocessing = 0;
		};
/* End PBXResourcesBuildPhase section */

/* Begin PBXShellScriptBuildPhase section */
		09500C725D92A91D40A9C2FB /* Copy Pods Resources */ = {
			isa = PBXShellScriptBuildPhase;
			buildActionMask = 2147483647;
			files = (
			);
			inputPaths = (
			);
			name = "Copy Pods Resources";
			outputPaths = (
			);
			runOnlyForDeploymentPostprocessing = 0;
			shellPath = /bin/sh;
			shellScript = "\"${SRCROOT}/Pods/Target Support Files/Pods-RottenTomatoesHW/Pods-RottenTomatoesHW-resources.sh\"\n";
			showEnvVarsInLog = 0;
		};
		8E1157417CC768270CDF2A27 /* Check Pods Manifest.lock */ = {
			isa = PBXShellScriptBuildPhase;
			buildActionMask = 2147483647;
			files = (
			);
			inputPaths = (
			);
			name = "Check Pods Manifest.lock";
			outputPaths = (
			);
			runOnlyForDeploymentPostprocessing = 0;
			shellPath = /bin/sh;
			shellScript = "diff \"${PODS_ROOT}/../Podfile.lock\" \"${PODS_ROOT}/Manifest.lock\" > /dev/null\nif [[ $? != 0 ]] ; then\n    cat << EOM\nerror: The sandbox is not in sync with the Podfile.lock. Run 'pod install' or update your CocoaPods installation.\nEOM\n    exit 1\nfi\n";
			showEnvVarsInLog = 0;
		};
/* End PBXShellScriptBuildPhase section */

/* Begin PBXSourcesBuildPhase section */
		543633191B2A9FFD0013AEB8 /* Sources */ = {
			isa = PBXSourcesBuildPhase;
			buildActionMask = 2147483647;
			files = (
				543633291B2A9FFD0013AEB8 /* ViewController.m in Sources */,
				5436334B1B2E9E8D0013AEB8 /* MovieCell.m in Sources */,
				543633261B2A9FFD0013AEB8 /* AppDelegate.m in Sources */,
				543633231B2A9FFD0013AEB8 /* main.m in Sources */,
				543633481B2AA4590013AEB8 /* MovieViewController.m in Sources */,
			);
			runOnlyForDeploymentPostprocessing = 0;
		};
		543633321B2A9FFE0013AEB8 /* Sources */ = {
			isa = PBXSourcesBuildPhase;
			buildActionMask = 2147483647;
			files = (
				5436333D1B2A9FFE0013AEB8 /* RottenTomatoesHWTests.m in Sources */,
			);
			runOnlyForDeploymentPostprocessing = 0;
		};
/* End PBXSourcesBuildPhase section */

/* Begin PBXTargetDependency section */
		543633381B2A9FFE0013AEB8 /* PBXTargetDependency */ = {
			isa = PBXTargetDependency;
			target = 5436331C1B2A9FFD0013AEB8 /* RottenTomatoesHW */;
			targetProxy = 543633371B2A9FFE0013AEB8 /* PBXContainerItemProxy */;
		};
/* End PBXTargetDependency section */

/* Begin PBXVariantGroup section */
		5436332A1B2A9FFD0013AEB8 /* Main.storyboard */ = {
			isa = PBXVariantGroup;
			children = (
				5436332B1B2A9FFD0013AEB8 /* Base */,
			);
			name = Main.storyboard;
			sourceTree = "<group>";
		};
		5436332F1B2A9FFD0013AEB8 /* LaunchScreen.xib */ = {
			isa = PBXVariantGroup;
			children = (
				543633301B2A9FFD0013AEB8 /* Base */,
			);
			name = LaunchScreen.xib;
			sourceTree = "<group>";
		};
/* End PBXVariantGroup section */

/* Begin XCBuildConfiguration section */
		5436333E1B2A9FFE0013AEB8 /* Debug */ = {
			isa = XCBuildConfiguration;
			buildSettings = {
				ALWAYS_SEARCH_USER_PATHS = NO;
				CLANG_CXX_LANGUAGE_STANDARD = "gnu++0x";
				CLANG_CXX_LIBRARY = "libc++";
				CLANG_ENABLE_MODULES = YES;
				CLANG_ENABLE_OBJC_ARC = YES;
				CLANG_WARN_BOOL_CONVERSION = YES;
				CLANG_WARN_CONSTANT_CONVERSION = YES;
				CLANG_WARN_DIRECT_OBJC_ISA_USAGE = YES_ERROR;
				CLANG_WARN_EMPTY_BODY = YES;
				CLANG_WARN_ENUM_CONVERSION = YES;
				CLANG_WARN_INT_CONVERSION = YES;
				CLANG_WARN_OBJC_ROOT_CLASS = YES_ERROR;
				CLANG_WARN_UNREACHABLE_CODE = YES;
				CLANG_WARN__DUPLICATE_METHOD_MATCH = YES;
				"CODE_SIGN_IDENTITY[sdk=iphoneos*]" = "iPhone Developer";
				COPY_PHASE_STRIP = NO;
				DEBUG_INFORMATION_FORMAT = "dwarf-with-dsym";
				ENABLE_STRICT_OBJC_MSGSEND = YES;
				GCC_C_LANGUAGE_STANDARD = gnu99;
				GCC_DYNAMIC_NO_PIC = NO;
				GCC_NO_COMMON_BLOCKS = YES;
				GCC_OPTIMIZATION_LEVEL = 0;
				GCC_PREPROCESSOR_DEFINITIONS = (
					"DEBUG=1",
					"$(inherited)",
				);
				GCC_SYMBOLS_PRIVATE_EXTERN = NO;
				GCC_WARN_64_TO_32_BIT_CONVERSION = YES;
				GCC_WARN_ABOUT_RETURN_TYPE = YES_ERROR;
				GCC_WARN_UNDECLARED_SELECTOR = YES;
				GCC_WARN_UNINITIALIZED_AUTOS = YES_AGGRESSIVE;
				GCC_WARN_UNUSED_FUNCTION = YES;
				GCC_WARN_UNUSED_VARIABLE = YES;
				IPHONEOS_DEPLOYMENT_TARGET = 8.3;
				MTL_ENABLE_DEBUG_INFO = YES;
				ONLY_ACTIVE_ARCH = YES;
				SDKROOT = iphoneos;
			};
			name = Debug;
		};
		5436333F1B2A9FFE0013AEB8 /* Release */ = {
			isa = XCBuildConfiguration;
			buildSettings = {
				ALWAYS_SEARCH_USER_PATHS = NO;
				CLANG_CXX_LANGUAGE_STANDARD = "gnu++0x";
				CLANG_CXX_LIBRARY = "libc++";
				CLANG_ENABLE_MODULES = YES;
				CLANG_ENABLE_OBJC_ARC = YES;
				CLANG_WARN_BOOL_CONVERSION = YES;
				CLANG_WARN_CONSTANT_CONVERSION = YES;
				CLANG_WARN_DIRECT_OBJC_ISA_USAGE = YES_ERROR;
				CLANG_WARN_EMPTY_BODY = YES;
				CLANG_WARN_ENUM_CONVERSION = YES;
				CLANG_WARN_INT_CONVERSION = YES;
				CLANG_WARN_OBJC_ROOT_CLASS = YES_ERROR;
				CLANG_WARN_UNREACHABLE_CODE = YES;
				CLANG_WARN__DUPLICATE_METHOD_MATCH = YES;
				"CODE_SIGN_IDENTITY[sdk=iphoneos*]" = "iPhone Developer";
				COPY_PHASE_STRIP = NO;
				DEBUG_INFORMATION_FORMAT = "dwarf-with-dsym";
				ENABLE_NS_ASSERTIONS = NO;
				ENABLE_STRICT_OBJC_MSGSEND = YES;
				GCC_C_LANGUAGE_STANDARD = gnu99;
				GCC_NO_COMMON_BLOCKS = YES;
				GCC_WARN_64_TO_32_BIT_CONVERSION = YES;
				GCC_WARN_ABOUT_RETURN_TYPE = YES_ERROR;
				GCC_WARN_UNDECLARED_SELECTOR = YES;
				GCC_WARN_UNINITIALIZED_AUTOS = YES_AGGRESSIVE;
				GCC_WARN_UNUSED_FUNCTION = YES;
				GCC_WARN_UNUSED_VARIABLE = YES;
				IPHONEOS_DEPLOYMENT_TARGET = 8.3;
				MTL_ENABLE_DEBUG_INFO = NO;
				SDKROOT = iphoneos;
				VALIDATE_PRODUCT = YES;
			};
			name = Release;
		};
		543633411B2A9FFE0013AEB8 /* Debug */ = {
			isa = XCBuildConfiguration;
			baseConfigurationReference = 28C07879FD3A96F46A743B59 /* Pods-RottenTomatoesHW.debug.xcconfig */;
			buildSettings = {
				ASSETCATALOG_COMPILER_APPICON_NAME = AppIcon;
				INFOPLIST_FILE = RottenTomatoesHW/Info.plist;
				LD_RUNPATH_SEARCH_PATHS = "$(inherited) @executable_path/Frameworks";
				PRODUCT_NAME = "$(TARGET_NAME)";
			};
			name = Debug;
		};
		543633421B2A9FFE0013AEB8 /* Release */ = {
			isa = XCBuildConfiguration;
			baseConfigurationReference = 1C3E8208FD3CB18E3FFEDC24 /* Pods-RottenTomatoesHW.release.xcconfig */;
			buildSettings = {
				ASSETCATALOG_COMPILER_APPICON_NAME = AppIcon;
				INFOPLIST_FILE = RottenTomatoesHW/Info.plist;
				LD_RUNPATH_SEARCH_PATHS = "$(inherited) @executable_path/Frameworks";
				PRODUCT_NAME = "$(TARGET_NAME)";
			};
			name = Release;
		};
		543633441B2A9FFE0013AEB8 /* Debug */ = {
			isa = XCBuildConfiguration;
			buildSettings = {
				BUNDLE_LOADER = "$(TEST_HOST)";
				FRAMEWORK_SEARCH_PATHS = (
					"$(SDKROOT)/Developer/Library/Frameworks",
					"$(inherited)",
				);
				GCC_PREPROCESSOR_DEFINITIONS = (
					"DEBUG=1",
					"$(inherited)",
				);
				INFOPLIST_FILE = RottenTomatoesHWTests/Info.plist;
				LD_RUNPATH_SEARCH_PATHS = "$(inherited) @executable_path/Frameworks @loader_path/Frameworks";
				PRODUCT_NAME = "$(TARGET_NAME)";
				TEST_HOST = "$(BUILT_PRODUCTS_DIR)/RottenTomatoesHW.app/RottenTomatoesHW";
			};
			name = Debug;
		};
		543633451B2A9FFE0013AEB8 /* Release */ = {
			isa = XCBuildConfiguration;
			buildSettings = {
				BUNDLE_LOADER = "$(TEST_HOST)";
				FRAMEWORK_SEARCH_PATHS = (
					"$(SDKROOT)/Developer/Library/Frameworks",
					"$(inherited)",
				);
				INFOPLIST_FILE = RottenTomatoesHWTests/Info.plist;
				LD_RUNPATH_SEARCH_PATHS = "$(inherited) @executable_path/Frameworks @loader_path/Frameworks";
				PRODUCT_NAME = "$(TARGET_NAME)";
				TEST_HOST = "$(BUILT_PRODUCTS_DIR)/RottenTomatoesHW.app/RottenTomatoesHW";
			};
			name = Release;
		};
/* End XCBuildConfiguration section */

/* Begin XCConfigurationList section */
		543633181B2A9FFD0013AEB8 /* Build configuration list for PBXProject "RottenTomatoesHW" */ = {
			isa = XCConfigurationList;
			buildConfigurations = (
				5436333E1B2A9FFE0013AEB8 /* Debug */,
				5436333F1B2A9FFE0013AEB8 /* Release */,
			);
			defaultConfigurationIsVisible = 0;
			defaultConfigurationName = Release;
		};
		543633401B2A9FFE0013AEB8 /* Build configuration list for PBXNativeTarget "RottenTomatoesHW" */ = {
			isa = XCConfigurationList;
			buildConfigurations = (
				543633411B2A9FFE0013AEB8 /* Debug */,
				543633421B2A9FFE0013AEB8 /* Release */,
			);
			defaultConfigurationIsVisible = 0;
			defaultConfigurationName = Release;
		};
		543633431B2A9FFE0013AEB8 /* Build configuration list for PBXNativeTarget "RottenTomatoesHWTests" */ = {
			isa = XCConfigurationList;
			buildConfigurations = (
				543633441B2A9FFE0013AEB8 /* Debug */,
				543633451B2A9FFE0013AEB8 /* Release */,
			);
			defaultConfigurationIsVisible = 0;
			defaultConfigurationName = Release;
		};
/* End XCConfigurationList section */
	};
	rootObject = 543633151B2A9FFD0013AEB8 /* Project object */;
}
